// !$*UTF8*$!
{
	archiveVersion = 1;
	classes = {
	};
	objectVersion = 46;
	objects = {

/* Begin PBXBuildFile section */
		4171A7D9911CEEB07780F930 /* libPods-XQLuaViewDemo.a in Frameworks */ = {isa = PBXBuildFile; fileRef = AFAAF8D58797D33AD133E1A1 /* libPods-XQLuaViewDemo.a */; };
		7C9A50B83E3154963A948156 /* libPods-XQLuaViewDemoTests.a in Frameworks */ = {isa = PBXBuildFile; fileRef = F4C81006CFE300A9C4EA0464 /* libPods-XQLuaViewDemoTests.a */; };
		80152FBA1F062F7E005917FD /* XQDataHelper.m in Sources */ = {isa = PBXBuildFile; fileRef = 80152FB91F062F7E005917FD /* XQDataHelper.m */; };
		802792C61EF901BA004C242F /* XQTableViewController.m in Sources */ = {isa = PBXBuildFile; fileRef = 802792C51EF901BA004C242F /* XQTableViewController.m */; };
		804839141F021112002EE19E /* XQLuaViewController.m in Sources */ = {isa = PBXBuildFile; fileRef = 804839011F021112002EE19E /* XQLuaViewController.m */; };
		804839151F021112002EE19E /* XQLuaViewController.xib in Resources */ = {isa = PBXBuildFile; fileRef = 804839021F021112002EE19E /* XQLuaViewController.xib */; };
		804839161F021112002EE19E /* XQLuaViewCoreViewController.m in Sources */ = {isa = PBXBuildFile; fileRef = 804839041F021112002EE19E /* XQLuaViewCoreViewController.m */; };
		804839171F021112002EE19E /* XQLuaViewCoreViewController.xib in Resources */ = {isa = PBXBuildFile; fileRef = 804839051F021112002EE19E /* XQLuaViewCoreViewController.xib */; };
		804839181F021112002EE19E /* XQImage.m in Sources */ = {isa = PBXBuildFile; fileRef = 804839081F021112002EE19E /* XQImage.m */; };
		804839191F021112002EE19E /* XQItemLuaView.m in Sources */ = {isa = PBXBuildFile; fileRef = 8048390A1F021112002EE19E /* XQItemLuaView.m */; };
		8048391F1F021112002EE19E /* XQRegisterManager.m in Sources */ = {isa = PBXBuildFile; fileRef = 804839131F021112002EE19E /* XQRegisterManager.m */; };
		8049DDDF1F20614900DBC546 /* XQLuaLoad.lua in Resources */ = {isa = PBXBuildFile; fileRef = 8049DDDE1F20614900DBC546 /* XQLuaLoad.lua */; };
		8069766A1EE5305000B4B92D /* main.m in Sources */ = {isa = PBXBuildFile; fileRef = 806976691EE5305000B4B92D /* main.m */; };
		8069766D1EE5305000B4B92D /* AppDelegate.m in Sources */ = {isa = PBXBuildFile; fileRef = 8069766C1EE5305000B4B92D /* AppDelegate.m */; };
		806976731EE5305000B4B92D /* Main.storyboard in Resources */ = {isa = PBXBuildFile; fileRef = 806976711EE5305000B4B92D /* Main.storyboard */; };
		806976751EE5305000B4B92D /* Assets.xcassets in Resources */ = {isa = PBXBuildFile; fileRef = 806976741EE5305000B4B92D /* Assets.xcassets */; };
		806976781EE5305000B4B92D /* LaunchScreen.storyboard in Resources */ = {isa = PBXBuildFile; fileRef = 806976761EE5305000B4B92D /* LaunchScreen.storyboard */; };
		806976831EE5305000B4B92D /* XQLuaViewDemoTests.m in Sources */ = {isa = PBXBuildFile; fileRef = 806976821EE5305000B4B92D /* XQLuaViewDemoTests.m */; };
		8069768E1EE5305000B4B92D /* XQLuaViewDemoUITests.m in Sources */ = {isa = PBXBuildFile; fileRef = 8069768D1EE5305000B4B92D /* XQLuaViewDemoUITests.m */; };
		809B345F1F09E2B9008CAE16 /* XQDownloadFilesController.m in Sources */ = {isa = PBXBuildFile; fileRef = 809B345E1F09E2B9008CAE16 /* XQDownloadFilesController.m */; };
		809B34681F0A3813008CAE16 /* HelloWorld.lua in Resources */ = {isa = PBXBuildFile; fileRef = 809B34631F0A3813008CAE16 /* HelloWorld.lua */; };
		809B34691F0A3813008CAE16 /* XQAllLua.lua in Resources */ = {isa = PBXBuildFile; fileRef = 809B34641F0A3813008CAE16 /* XQAllLua.lua */; };
		809B346A1F0A3813008CAE16 /* XQAllLuaAndCustomUI.lua in Resources */ = {isa = PBXBuildFile; fileRef = 809B34651F0A3813008CAE16 /* XQAllLuaAndCustomUI.lua */; };
		809B346B1F0A3813008CAE16 /* XQHalfLua.lua in Resources */ = {isa = PBXBuildFile; fileRef = 809B34661F0A3813008CAE16 /* XQHalfLua.lua */; };
		809B346C1F0A3813008CAE16 /* XQLuaViewCore.lua in Resources */ = {isa = PBXBuildFile; fileRef = 809B34671F0A3813008CAE16 /* XQLuaViewCore.lua */; };
		E2F7DD12ECDC0C5CD05B0FB4 /* libPods-XQLuaViewDemoUITests.a in Frameworks */ = {isa = PBXBuildFile; fileRef = 1C1BC03017924947A6202358 /* libPods-XQLuaViewDemoUITests.a */; };
/* End PBXBuildFile section */

/* Begin PBXContainerItemProxy section */
		8069767F1EE5305000B4B92D /* PBXContainerItemProxy */ = {
			isa = PBXContainerItemProxy;
			containerPortal = 8069765D1EE5305000B4B92D /* Project object */;
			proxyType = 1;
			remoteGlobalIDString = 806976641EE5305000B4B92D;
			remoteInfo = XQLuaViewDemo;
		};
		8069768A1EE5305000B4B92D /* PBXContainerItemProxy */ = {
			isa = PBXContainerItemProxy;
			containerPortal = 8069765D1EE5305000B4B92D /* Project object */;
			proxyType = 1;
			remoteGlobalIDString = 806976641EE5305000B4B92D;
			remoteInfo = XQLuaViewDemo;
		};
/* End PBXContainerItemProxy section */

/* Begin PBXFileReference section */
		1C1BC03017924947A6202358 /* libPods-XQLuaViewDemoUITests.a */ = {isa = PBXFileReference; explicitFileType = archive.ar; includeInIndex = 0; path = "libPods-XQLuaViewDemoUITests.a"; sourceTree = BUILT_PRODUCTS_DIR; };
		463129618D05206EE567C356 /* Pods-XQLuaViewDemoUITests.release.xcconfig */ = {isa = PBXFileReference; includeInIndex = 1; lastKnownFileType = text.xcconfig; name = "Pods-XQLuaViewDemoUITests.release.xcconfig"; path = "Pods/Target Support Files/Pods-XQLuaViewDemoUITests/Pods-XQLuaViewDemoUITests.release.xcconfig"; sourceTree = "<group>"; };
		7486DDA8329419B5BE31F295 /* Pods-XQLuaViewDemoUITests.debug.xcconfig */ = {isa = PBXFileReference; includeInIndex = 1; lastKnownFileType = text.xcconfig; name = "Pods-XQLuaViewDemoUITests.debug.xcconfig"; path = "Pods/Target Support Files/Pods-XQLuaViewDemoUITests/Pods-XQLuaViewDemoUITests.debug.xcconfig"; sourceTree = "<group>"; };
		80152FB81F062F7E005917FD /* XQDataHelper.h */ = {isa = PBXFileReference; fileEncoding = 4; lastKnownFileType = sourcecode.c.h; path = XQDataHelper.h; sourceTree = "<group>"; };
		80152FB91F062F7E005917FD /* XQDataHelper.m */ = {isa = PBXFileReference; fileEncoding = 4; lastKnownFileType = sourcecode.c.objc; path = XQDataHelper.m; sourceTree = "<group>"; };
		802792C41EF901BA004C242F /* XQTableViewController.h */ = {isa = PBXFileReference; fileEncoding = 4; lastKnownFileType = sourcecode.c.h; path = XQTableViewController.h; sourceTree = "<group>"; };
		802792C51EF901BA004C242F /* XQTableViewController.m */ = {isa = PBXFileReference; fileEncoding = 4; lastKnownFileType = sourcecode.c.objc; path = XQTableViewController.m; sourceTree = "<group>"; };
		804839001F021112002EE19E /* XQLuaViewController.h */ = {isa = PBXFileReference; fileEncoding = 4; lastKnownFileType = sourcecode.c.h; path = XQLuaViewController.h; sourceTree = "<group>"; };
		804839011F021112002EE19E /* XQLuaViewController.m */ = {isa = PBXFileReference; fileEncoding = 4; lastKnownFileType = sourcecode.c.objc; path = XQLuaViewController.m; sourceTree = "<group>"; };
		804839021F021112002EE19E /* XQLuaViewController.xib */ = {isa = PBXFileReference; fileEncoding = 4; lastKnownFileType = file.xib; path = XQLuaViewController.xib; sourceTree = "<group>"; };
		804839031F021112002EE19E /* XQLuaViewCoreViewController.h */ = {isa = PBXFileReference; fileEncoding = 4; lastKnownFileType = sourcecode.c.h; path = XQLuaViewCoreViewController.h; sourceTree = "<group>"; };
		804839041F021112002EE19E /* XQLuaViewCoreViewController.m */ = {isa = PBXFileReference; fileEncoding = 4; lastKnownFileType = sourcecode.c.objc; path = XQLuaViewCoreViewController.m; sourceTree = "<group>"; };
		804839051F021112002EE19E /* XQLuaViewCoreViewController.xib */ = {isa = PBXFileReference; fileEncoding = 4; lastKnownFileType = file.xib; path = XQLuaViewCoreViewController.xib; sourceTree = "<group>"; };
		804839071F021112002EE19E /* XQImage.h */ = {isa = PBXFileReference; fileEncoding = 4; lastKnownFileType = sourcecode.c.h; path = XQImage.h; sourceTree = "<group>"; };
		804839081F021112002EE19E /* XQImage.m */ = {isa = PBXFileReference; fileEncoding = 4; lastKnownFileType = sourcecode.c.objc; path = XQImage.m; sourceTree = "<group>"; };
		804839091F021112002EE19E /* XQItemLuaView.h */ = {isa = PBXFileReference; fileEncoding = 4; lastKnownFileType = sourcecode.c.h; path = XQItemLuaView.h; sourceTree = "<group>"; };
		8048390A1F021112002EE19E /* XQItemLuaView.m */ = {isa = PBXFileReference; fileEncoding = 4; lastKnownFileType = sourcecode.c.objc; path = XQItemLuaView.m; sourceTree = "<group>"; };
		804839121F021112002EE19E /* XQRegisterManager.h */ = {isa = PBXFileReference; fileEncoding = 4; lastKnownFileType = sourcecode.c.h; path = XQRegisterManager.h; sourceTree = "<group>"; };
		804839131F021112002EE19E /* XQRegisterManager.m */ = {isa = PBXFileReference; fileEncoding = 4; lastKnownFileType = sourcecode.c.objc; path = XQRegisterManager.m; sourceTree = "<group>"; };
		8049DDDE1F20614900DBC546 /* XQLuaLoad.lua */ = {isa = PBXFileReference; fileEncoding = 4; lastKnownFileType = text; path = XQLuaLoad.lua; sourceTree = "<group>"; };
		806976651EE5305000B4B92D /* XQLuaViewDemo.app */ = {isa = PBXFileReference; explicitFileType = wrapper.application; includeInIndex = 0; path = XQLuaViewDemo.app; sourceTree = BUILT_PRODUCTS_DIR; };
		806976691EE5305000B4B92D /* main.m */ = {isa = PBXFileReference; lastKnownFileType = sourcecode.c.objc; path = main.m; sourceTree = "<group>"; };
		8069766B1EE5305000B4B92D /* AppDelegate.h */ = {isa = PBXFileReference; lastKnownFileType = sourcecode.c.h; path = AppDelegate.h; sourceTree = "<group>"; };
		8069766C1EE5305000B4B92D /* AppDelegate.m */ = {isa = PBXFileReference; lastKnownFileType = sourcecode.c.objc; path = AppDelegate.m; sourceTree = "<group>"; };
		806976721EE5305000B4B92D /* Base */ = {isa = PBXFileReference; lastKnownFileType = file.storyboard; name = Base; path = Base.lproj/Main.storyboard; sourceTree = "<group>"; };
		806976741EE5305000B4B92D /* Assets.xcassets */ = {isa = PBXFileReference; lastKnownFileType = folder.assetcatalog; path = Assets.xcassets; sourceTree = "<group>"; };
		806976771EE5305000B4B92D /* Base */ = {isa = PBXFileReference; lastKnownFileType = file.storyboard; name = Base; path = Base.lproj/LaunchScreen.storyboard; sourceTree = "<group>"; };
		806976791EE5305000B4B92D /* Info.plist */ = {isa = PBXFileReference; lastKnownFileType = text.plist.xml; path = Info.plist; sourceTree = "<group>"; };
		8069767E1EE5305000B4B92D /* XQLuaViewDemoTests.xctest */ = {isa = PBXFileReference; explicitFileType = wrapper.cfbundle; includeInIndex = 0; path = XQLuaViewDemoTests.xctest; sourceTree = BUILT_PRODUCTS_DIR; };
		806976821EE5305000B4B92D /* XQLuaViewDemoTests.m */ = {isa = PBXFileReference; lastKnownFileType = sourcecode.c.objc; path = XQLuaViewDemoTests.m; sourceTree = "<group>"; };
		806976841EE5305000B4B92D /* Info.plist */ = {isa = PBXFileReference; lastKnownFileType = text.plist.xml; path = Info.plist; sourceTree = "<group>"; };
		806976891EE5305000B4B92D /* XQLuaViewDemoUITests.xctest */ = {isa = PBXFileReference; explicitFileType = wrapper.cfbundle; includeInIndex = 0; path = XQLuaViewDemoUITests.xctest; sourceTree = BUILT_PRODUCTS_DIR; };
		8069768D1EE5305000B4B92D /* XQLuaViewDemoUITests.m */ = {isa = PBXFileReference; lastKnownFileType = sourcecode.c.objc; path = XQLuaViewDemoUITests.m; sourceTree = "<group>"; };
		8069768F1EE5305000B4B92D /* Info.plist */ = {isa = PBXFileReference; lastKnownFileType = text.plist.xml; path = Info.plist; sourceTree = "<group>"; };
		809B345D1F09E2B9008CAE16 /* XQDownloadFilesController.h */ = {isa = PBXFileReference; fileEncoding = 4; lastKnownFileType = sourcecode.c.h; path = XQDownloadFilesController.h; sourceTree = "<group>"; };
		809B345E1F09E2B9008CAE16 /* XQDownloadFilesController.m */ = {isa = PBXFileReference; fileEncoding = 4; lastKnownFileType = sourcecode.c.objc; path = XQDownloadFilesController.m; sourceTree = "<group>"; };
		809B34631F0A3813008CAE16 /* HelloWorld.lua */ = {isa = PBXFileReference; fileEncoding = 4; lastKnownFileType = text; path = HelloWorld.lua; sourceTree = "<group>"; };
		809B34641F0A3813008CAE16 /* XQAllLua.lua */ = {isa = PBXFileReference; fileEncoding = 4; lastKnownFileType = text; path = XQAllLua.lua; sourceTree = "<group>"; };
		809B34651F0A3813008CAE16 /* XQAllLuaAndCustomUI.lua */ = {isa = PBXFileReference; fileEncoding = 4; lastKnownFileType = text; path = XQAllLuaAndCustomUI.lua; sourceTree = "<group>"; };
		809B34661F0A3813008CAE16 /* XQHalfLua.lua */ = {isa = PBXFileReference; fileEncoding = 4; lastKnownFileType = text; path = XQHalfLua.lua; sourceTree = "<group>"; };
		809B34671F0A3813008CAE16 /* XQLuaViewCore.lua */ = {isa = PBXFileReference; fileEncoding = 4; lastKnownFileType = text; path = XQLuaViewCore.lua; sourceTree = "<group>"; };
		AFAAF8D58797D33AD133E1A1 /* libPods-XQLuaViewDemo.a */ = {isa = PBXFileReference; explicitFileType = archive.ar; includeInIndex = 0; path = "libPods-XQLuaViewDemo.a"; sourceTree = BUILT_PRODUCTS_DIR; };
		DDE87B335966C4712ACCB73C /* Pods-XQLuaViewDemo.release.xcconfig */ = {isa = PBXFileReference; includeInIndex = 1; lastKnownFileType = text.xcconfig; name = "Pods-XQLuaViewDemo.release.xcconfig"; path = "Pods/Target Support Files/Pods-XQLuaViewDemo/Pods-XQLuaViewDemo.release.xcconfig"; sourceTree = "<group>"; };
		E20337E4D4DAEF8D36917DB5 /* Pods-XQLuaViewDemoTests.debug.xcconfig */ = {isa = PBXFileReference; includeInIndex = 1; lastKnownFileType = text.xcconfig; name = "Pods-XQLuaViewDemoTests.debug.xcconfig"; path = "Pods/Target Support Files/Pods-XQLuaViewDemoTests/Pods-XQLuaViewDemoTests.debug.xcconfig"; sourceTree = "<group>"; };
		E631EADE457BC60F1BA3DCC5 /* Pods-XQLuaViewDemo.debug.xcconfig */ = {isa = PBXFileReference; includeInIndex = 1; lastKnownFileType = text.xcconfig; name = "Pods-XQLuaViewDemo.debug.xcconfig"; path = "Pods/Target Support Files/Pods-XQLuaViewDemo/Pods-XQLuaViewDemo.debug.xcconfig"; sourceTree = "<group>"; };
		F4C81006CFE300A9C4EA0464 /* libPods-XQLuaViewDemoTests.a */ = {isa = PBXFileReference; explicitFileType = archive.ar; includeInIndex = 0; path = "libPods-XQLuaViewDemoTests.a"; sourceTree = BUILT_PRODUCTS_DIR; };
		F7B99D5F5399AB6DEA75CDE3 /* Pods-XQLuaViewDemoTests.release.xcconfig */ = {isa = PBXFileReference; includeInIndex = 1; lastKnownFileType = text.xcconfig; name = "Pods-XQLuaViewDemoTests.release.xcconfig"; path = "Pods/Target Support Files/Pods-XQLuaViewDemoTests/Pods-XQLuaViewDemoTests.release.xcconfig"; sourceTree = "<group>"; };
/* End PBXFileReference section */

/* Begin PBXFrameworksBuildPhase section */
		806976621EE5305000B4B92D /* Frameworks */ = {
			isa = PBXFrameworksBuildPhase;
			buildActionMask = 2147483647;
			files = (
				4171A7D9911CEEB07780F930 /* libPods-XQLuaViewDemo.a in Frameworks */,
			);
			runOnlyForDeploymentPostprocessing = 0;
		};
		8069767B1EE5305000B4B92D /* Frameworks */ = {
			isa = PBXFrameworksBuildPhase;
			buildActionMask = 2147483647;
			files = (
				7C9A50B83E3154963A948156 /* libPods-XQLuaViewDemoTests.a in Frameworks */,
			);
			runOnlyForDeploymentPostprocessing = 0;
		};
		806976861EE5305000B4B92D /* Frameworks */ = {
			isa = PBXFrameworksBuildPhase;
			buildActionMask = 2147483647;
			files = (
				E2F7DD12ECDC0C5CD05B0FB4 /* libPods-XQLuaViewDemoUITests.a in Frameworks */,
			);
			runOnlyForDeploymentPostprocessing = 0;
		};
/* End PBXFrameworksBuildPhase section */

/* Begin PBXGroup section */
		804838FF1F021112002EE19E /* Controllers */ = {
			isa = PBXGroup;
			children = (
				804839001F021112002EE19E /* XQLuaViewController.h */,
				804839011F021112002EE19E /* XQLuaViewController.m */,
				804839021F021112002EE19E /* XQLuaViewController.xib */,
				804839031F021112002EE19E /* XQLuaViewCoreViewController.h */,
				804839041F021112002EE19E /* XQLuaViewCoreViewController.m */,
				804839051F021112002EE19E /* XQLuaViewCoreViewController.xib */,
				809B345D1F09E2B9008CAE16 /* XQDownloadFilesController.h */,
				809B345E1F09E2B9008CAE16 /* XQDownloadFilesController.m */,
			);
			path = Controllers;
			sourceTree = "<group>";
		};
		804839061F021112002EE19E /* CustomClass */ = {
			isa = PBXGroup;
			children = (
				804839071F021112002EE19E /* XQImage.h */,
				804839081F021112002EE19E /* XQImage.m */,
				804839091F021112002EE19E /* XQItemLuaView.h */,
				8048390A1F021112002EE19E /* XQItemLuaView.m */,
			);
			path = CustomClass;
			sourceTree = "<group>";
		};
		804839111F021112002EE19E /* Operation */ = {
			isa = PBXGroup;
			children = (
				804839121F021112002EE19E /* XQRegisterManager.h */,
				804839131F021112002EE19E /* XQRegisterManager.m */,
				80152FB81F062F7E005917FD /* XQDataHelper.h */,
				80152FB91F062F7E005917FD /* XQDataHelper.m */,
			);
			path = Operation;
			sourceTree = "<group>";
		};
		8069765C1EE5305000B4B92D = {
			isa = PBXGroup;
			children = (
				806976671EE5305000B4B92D /* XQLuaViewDemo */,
				806976811EE5305000B4B92D /* XQLuaViewDemoTests */,
				8069768C1EE5305000B4B92D /* XQLuaViewDemoUITests */,
				806976661EE5305000B4B92D /* Products */,
				BCBAF97D4B2079F33648E3CD /* Pods */,
				90C27A5D15560F2D5DFE900A /* Frameworks */,
			);
			sourceTree = "<group>";
		};
		806976661EE5305000B4B92D /* Products */ = {
			isa = PBXGroup;
			children = (
				806976651EE5305000B4B92D /* XQLuaViewDemo.app */,
				8069767E1EE5305000B4B92D /* XQLuaViewDemoTests.xctest */,
				806976891EE5305000B4B92D /* XQLuaViewDemoUITests.xctest */,
			);
			name = Products;
			sourceTree = "<group>";
		};
		806976671EE5305000B4B92D /* XQLuaViewDemo */ = {
			isa = PBXGroup;
			children = (
				809B34621F0A3813008CAE16 /* Lua */,
				8069766B1EE5305000B4B92D /* AppDelegate.h */,
				8069766C1EE5305000B4B92D /* AppDelegate.m */,
				802792C41EF901BA004C242F /* XQTableViewController.h */,
				802792C51EF901BA004C242F /* XQTableViewController.m */,
				804838FF1F021112002EE19E /* Controllers */,
				804839061F021112002EE19E /* CustomClass */,
				804839111F021112002EE19E /* Operation */,
				806976741EE5305000B4B92D /* Assets.xcassets */,
				806976681EE5305000B4B92D /* Supporting Files */,
			);
			path = XQLuaViewDemo;
			sourceTree = "<group>";
		};
		806976681EE5305000B4B92D /* Supporting Files */ = {
			isa = PBXGroup;
			children = (
				806976711EE5305000B4B92D /* Main.storyboard */,
				806976761EE5305000B4B92D /* LaunchScreen.storyboard */,
				806976791EE5305000B4B92D /* Info.plist */,
				806976691EE5305000B4B92D /* main.m */,
			);
			name = "Supporting Files";
			sourceTree = "<group>";
		};
		806976811EE5305000B4B92D /* XQLuaViewDemoTests */ = {
			isa = PBXGroup;
			children = (
				806976821EE5305000B4B92D /* XQLuaViewDemoTests.m */,
				806976841EE5305000B4B92D /* Info.plist */,
			);
			path = XQLuaViewDemoTests;
			sourceTree = "<group>";
		};
		8069768C1EE5305000B4B92D /* XQLuaViewDemoUITests */ = {
			isa = PBXGroup;
			children = (
				8069768D1EE5305000B4B92D /* XQLuaViewDemoUITests.m */,
				8069768F1EE5305000B4B92D /* Info.plist */,
			);
			path = XQLuaViewDemoUITests;
			sourceTree = "<group>";
		};
		809B34621F0A3813008CAE16 /* Lua */ = {
			isa = PBXGroup;
			children = (
				8049DDDE1F20614900DBC546 /* XQLuaLoad.lua */,
				809B34631F0A3813008CAE16 /* HelloWorld.lua */,
				809B34641F0A3813008CAE16 /* XQAllLua.lua */,
				809B34651F0A3813008CAE16 /* XQAllLuaAndCustomUI.lua */,
				809B34661F0A3813008CAE16 /* XQHalfLua.lua */,
				809B34671F0A3813008CAE16 /* XQLuaViewCore.lua */,
			);
			path = Lua;
			sourceTree = "<group>";
		};
		90C27A5D15560F2D5DFE900A /* Frameworks */ = {
			isa = PBXGroup;
			children = (
				AFAAF8D58797D33AD133E1A1 /* libPods-XQLuaViewDemo.a */,
				F4C81006CFE300A9C4EA0464 /* libPods-XQLuaViewDemoTests.a */,
				1C1BC03017924947A6202358 /* libPods-XQLuaViewDemoUITests.a */,
			);
			name = Frameworks;
			sourceTree = "<group>";
		};
		BCBAF97D4B2079F33648E3CD /* Pods */ = {
			isa = PBXGroup;
			children = (
				E631EADE457BC60F1BA3DCC5 /* Pods-XQLuaViewDemo.debug.xcconfig */,
				DDE87B335966C4712ACCB73C /* Pods-XQLuaViewDemo.release.xcconfig */,
				E20337E4D4DAEF8D36917DB5 /* Pods-XQLuaViewDemoTests.debug.xcconfig */,
				F7B99D5F5399AB6DEA75CDE3 /* Pods-XQLuaViewDemoTests.release.xcconfig */,
				7486DDA8329419B5BE31F295 /* Pods-XQLuaViewDemoUITests.debug.xcconfig */,
				463129618D05206EE567C356 /* Pods-XQLuaViewDemoUITests.release.xcconfig */,
			);
			name = Pods;
			sourceTree = "<group>";
		};
/* End PBXGroup section */

/* Begin PBXNativeTarget section */
		806976641EE5305000B4B92D /* XQLuaViewDemo */ = {
			isa = PBXNativeTarget;
			buildConfigurationList = 806976921EE5305000B4B92D /* Build configuration list for PBXNativeTarget "XQLuaViewDemo" */;
			buildPhases = (
				62030A35D18F6978F50347D6 /* [CP] Check Pods Manifest.lock */,
				806976611EE5305000B4B92D /* Sources */,
				806976621EE5305000B4B92D /* Frameworks */,
				806976631EE5305000B4B92D /* Resources */,
				B2CB5B94F913DE7781B021FA /* [CP] Embed Pods Frameworks */,
				28766E32FF11866D720BF4ED /* [CP] Copy Pods Resources */,
			);
			buildRules = (
			);
			dependencies = (
			);
			name = XQLuaViewDemo;
			productName = XQLuaViewDemo;
			productReference = 806976651EE5305000B4B92D /* XQLuaViewDemo.app */;
			productType = "com.apple.product-type.application";
		};
		8069767D1EE5305000B4B92D /* XQLuaViewDemoTests */ = {
			isa = PBXNativeTarget;
			buildConfigurationList = 806976951EE5305000B4B92D /* Build configuration list for PBXNativeTarget "XQLuaViewDemoTests" */;
			buildPhases = (
				F6A63D0762F2EEDC12BF1CB4 /* [CP] Check Pods Manifest.lock */,
				8069767A1EE5305000B4B92D /* Sources */,
				8069767B1EE5305000B4B92D /* Frameworks */,
				8069767C1EE5305000B4B92D /* Resources */,
				D8C897A6C81CD20E86BCBFE5 /* [CP] Embed Pods Frameworks */,
				0C66C4F54828093BD48DED7D /* [CP] Copy Pods Resources */,
			);
			buildRules = (
			);
			dependencies = (
				806976801EE5305000B4B92D /* PBXTargetDependency */,
			);
			name = XQLuaViewDemoTests;
			productName = XQLuaViewDemoTests;
			productReference = 8069767E1EE5305000B4B92D /* XQLuaViewDemoTests.xctest */;
			productType = "com.apple.product-type.bundle.unit-test";
		};
		806976881EE5305000B4B92D /* XQLuaViewDemoUITests */ = {
			isa = PBXNativeTarget;
			buildConfigurationList = 806976981EE5305000B4B92D /* Build configuration list for PBXNativeTarget "XQLuaViewDemoUITests" */;
			buildPhases = (
				03C3AB4DC1E0EC582284AA61 /* [CP] Check Pods Manifest.lock */,
				806976851EE5305000B4B92D /* Sources */,
				806976861EE5305000B4B92D /* Frameworks */,
				806976871EE5305000B4B92D /* Resources */,
				EA6E56B369DF904E9FD0EA4F /* [CP] Embed Pods Frameworks */,
				2849BFC296129EA4266C4CDA /* [CP] Copy Pods Resources */,
			);
			buildRules = (
			);
			dependencies = (
				8069768B1EE5305000B4B92D /* PBXTargetDependency */,
			);
			name = XQLuaViewDemoUITests;
			productName = XQLuaViewDemoUITests;
			productReference = 806976891EE5305000B4B92D /* XQLuaViewDemoUITests.xctest */;
			productType = "com.apple.product-type.bundle.ui-testing";
		};
/* End PBXNativeTarget section */

/* Begin PBXProject section */
		8069765D1EE5305000B4B92D /* Project object */ = {
			isa = PBXProject;
			attributes = {
				LastUpgradeCheck = 0820;
				ORGANIZATIONNAME = lxf;
				TargetAttributes = {
					806976641EE5305000B4B92D = {
						CreatedOnToolsVersion = 8.2.1;
						DevelopmentTeam = 89G2FJWHP7;
						ProvisioningStyle = Manual;
					};
					8069767D1EE5305000B4B92D = {
						CreatedOnToolsVersion = 8.2.1;
						DevelopmentTeam = 89G2FJWHP7;
						ProvisioningStyle = Automatic;
						TestTargetID = 806976641EE5305000B4B92D;
					};
					806976881EE5305000B4B92D = {
						CreatedOnToolsVersion = 8.2.1;
						DevelopmentTeam = 89G2FJWHP7;
						ProvisioningStyle = Automatic;
						TestTargetID = 806976641EE5305000B4B92D;
					};
				};
			};
			buildConfigurationList = 806976601EE5305000B4B92D /* Build configuration list for PBXProject "XQLuaViewDemo" */;
			compatibilityVersion = "Xcode 3.2";
			developmentRegion = English;
			hasScannedForEncodings = 0;
			knownRegions = (
				en,
				Base,
			);
			mainGroup = 8069765C1EE5305000B4B92D;
			productRefGroup = 806976661EE5305000B4B92D /* Products */;
			projectDirPath = "";
			projectRoot = "";
			targets = (
				806976641EE5305000B4B92D /* XQLuaViewDemo */,
				8069767D1EE5305000B4B92D /* XQLuaViewDemoTests */,
				806976881EE5305000B4B92D /* XQLuaViewDemoUITests */,
			);
		};
/* End PBXProject section */

/* Begin PBXResourcesBuildPhase section */
		806976631EE5305000B4B92D /* Resources */ = {
			isa = PBXResourcesBuildPhase;
			buildActionMask = 2147483647;
			files = (
				809B34691F0A3813008CAE16 /* XQAllLua.lua in Resources */,
				806976781EE5305000B4B92D /* LaunchScreen.storyboard in Resources */,
				806976751EE5305000B4B92D /* Assets.xcassets in Resources */,
				804839171F021112002EE19E /* XQLuaViewCoreViewController.xib in Resources */,
				8049DDDF1F20614900DBC546 /* XQLuaLoad.lua in Resources */,
				809B346B1F0A3813008CAE16 /* XQHalfLua.lua in Resources */,
				804839151F021112002EE19E /* XQLuaViewController.xib in Resources */,
				809B346A1F0A3813008CAE16 /* XQAllLuaAndCustomUI.lua in Resources */,
				806976731EE5305000B4B92D /* Main.storyboard in Resources */,
				809B34681F0A3813008CAE16 /* HelloWorld.lua in Resources */,
				809B346C1F0A3813008CAE16 /* XQLuaViewCore.lua in Resources */,
			);
			runOnlyForDeploymentPostprocessing = 0;
		};
		8069767C1EE5305000B4B92D /* Resources */ = {
			isa = PBXResourcesBuildPhase;
			buildActionMask = 2147483647;
			files = (
			);
			runOnlyForDeploymentPostprocessing = 0;
		};
		806976871EE5305000B4B92D /* Resources */ = {
			isa = PBXResourcesBuildPhase;
			buildActionMask = 2147483647;
			files = (
			);
			runOnlyForDeploymentPostprocessing = 0;
		};
/* End PBXResourcesBuildPhase section */

/* Begin PBXShellScriptBuildPhase section */
		03C3AB4DC1E0EC582284AA61 /* [CP] Check Pods Manifest.lock */ = {
			isa = PBXShellScriptBuildPhase;
			buildActionMask = 2147483647;
			files = (
			);
			inputPaths = (
			);
			name = "[CP] Check Pods Manifest.lock";
			outputPaths = (
			);
			runOnlyForDeploymentPostprocessing = 0;
			shellPath = /bin/sh;
			shellScript = "diff \"${PODS_ROOT}/../Podfile.lock\" \"${PODS_ROOT}/Manifest.lock\" > /dev/null\nif [ $? != 0 ] ; then\n    # print error to STDERR\n    echo \"error: The sandbox is not in sync with the Podfile.lock. Run 'pod install' or update your CocoaPods installation.\" >&2\n    exit 1\nfi\n";
			showEnvVarsInLog = 0;
		};
		0C66C4F54828093BD48DED7D /* [CP] Copy Pods Resources */ = {
			isa = PBXShellScriptBuildPhase;
			buildActionMask = 2147483647;
			files = (
			);
			inputPaths = (
			);
			name = "[CP] Copy Pods Resources";
			outputPaths = (
			);
			runOnlyForDeploymentPostprocessing = 0;
			shellPath = /bin/sh;
			shellScript = "\"${SRCROOT}/Pods/Target Support Files/Pods-XQLuaViewDemoTests/Pods-XQLuaViewDemoTests-resources.sh\"\n";
			showEnvVarsInLog = 0;
		};
		2849BFC296129EA4266C4CDA /* [CP] Copy Pods Resources */ = {
			isa = PBXShellScriptBuildPhase;
			buildActionMask = 2147483647;
			files = (
			);
			inputPaths = (
			);
			name = "[CP] Copy Pods Resources";
			outputPaths = (
			);
			runOnlyForDeploymentPostprocessing = 0;
			shellPath = /bin/sh;
			shellScript = "\"${SRCROOT}/Pods/Target Support Files/Pods-XQLuaViewDemoUITests/Pods-XQLuaViewDemoUITests-resources.sh\"\n";
			showEnvVarsInLog = 0;
		};
		28766E32FF11866D720BF4ED /* [CP] Copy Pods Resources */ = {
			isa = PBXShellScriptBuildPhase;
			buildActionMask = 2147483647;
			files = (
			);
			inputPaths = (
			);
			name = "[CP] Copy Pods Resources";
			outputPaths = (
			);
			runOnlyForDeploymentPostprocessing = 0;
			shellPath = /bin/sh;
			shellScript = "\"${SRCROOT}/Pods/Target Support Files/Pods-XQLuaViewDemo/Pods-XQLuaViewDemo-resources.sh\"\n";
			showEnvVarsInLog = 0;
		};
		62030A35D18F6978F50347D6 /* [CP] Check Pods Manifest.lock */ = {
			isa = PBXShellScriptBuildPhase;
			buildActionMask = 2147483647;
			files = (
			);
			inputPaths = (
			);
			name = "[CP] Check Pods Manifest.lock";
			outputPaths = (
			);
			runOnlyForDeploymentPostprocessing = 0;
			shellPath = /bin/sh;
			shellScript = "diff \"${PODS_ROOT}/../Podfile.lock\" \"${PODS_ROOT}/Manifest.lock\" > /dev/null\nif [ $? != 0 ] ; then\n    # print error to STDERR\n    echo \"error: The sandbox is not in sync with the Podfile.lock. Run 'pod install' or update your CocoaPods installation.\" >&2\n    exit 1\nfi\n";
			showEnvVarsInLog = 0;
		};
		B2CB5B94F913DE7781B021FA /* [CP] Embed Pods Frameworks */ = {
			isa = PBXShellScriptBuildPhase;
			buildActionMask = 2147483647;
			files = (
			);
			inputPaths = (
			);
			name = "[CP] Embed Pods Frameworks";
			outputPaths = (
			);
			runOnlyForDeploymentPostprocessing = 0;
			shellPath = /bin/sh;
			shellScript = "\"${SRCROOT}/Pods/Target Support Files/Pods-XQLuaViewDemo/Pods-XQLuaViewDemo-frameworks.sh\"\n";
			showEnvVarsInLog = 0;
		};
		D8C897A6C81CD20E86BCBFE5 /* [CP] Embed Pods Frameworks */ = {
			isa = PBXShellScriptBuildPhase;
			buildActionMask = 2147483647;
			files = (
			);
			inputPaths = (
			);
			name = "[CP] Embed Pods Frameworks";
			outputPaths = (
			);
			runOnlyForDeploymentPostprocessing = 0;
			shellPath = /bin/sh;
			shellScript = "\"${SRCROOT}/Pods/Target Support Files/Pods-XQLuaViewDemoTests/Pods-XQLuaViewDemoTests-frameworks.sh\"\n";
			showEnvVarsInLog = 0;
		};
		EA6E56B369DF904E9FD0EA4F /* [CP] Embed Pods Frameworks */ = {
			isa = PBXShellScriptBuildPhase;
			buildActionMask = 2147483647;
			files = (
			);
			inputPaths = (
			);
			name = "[CP] Embed Pods Frameworks";
			outputPaths = (
			);
			runOnlyForDeploymentPostprocessing = 0;
			shellPath = /bin/sh;
			shellScript = "\"${SRCROOT}/Pods/Target Support Files/Pods-XQLuaViewDemoUITests/Pods-XQLuaViewDemoUITests-frameworks.sh\"\n";
			showEnvVarsInLog = 0;
		};
		F6A63D0762F2EEDC12BF1CB4 /* [CP] Check Pods Manifest.lock */ = {
			isa = PBXShellScriptBuildPhase;
			buildActionMask = 2147483647;
			files = (
			);
			inputPaths = (
			);
			name = "[CP] Check Pods Manifest.lock";
			outputPaths = (
			);
			runOnlyForDeploymentPostprocessing = 0;
			shellPath = /bin/sh;
			shellScript = "diff \"${PODS_ROOT}/../Podfile.lock\" \"${PODS_ROOT}/Manifest.lock\" > /dev/null\nif [ $? != 0 ] ; then\n    # print error to STDERR\n    echo \"error: The sandbox is not in sync with the Podfile.lock. Run 'pod install' or update your CocoaPods installation.\" >&2\n    exit 1\nfi\n";
			showEnvVarsInLog = 0;
		};
/* End PBXShellScriptBuildPhase section */

/* Begin PBXSourcesBuildPhase section */
		806976611EE5305000B4B92D /* Sources */ = {
			isa = PBXSourcesBuildPhase;
			buildActionMask = 2147483647;
			files = (
				809B345F1F09E2B9008CAE16 /* XQDownloadFilesController.m in Sources */,
				80152FBA1F062F7E005917FD /* XQDataHelper.m in Sources */,
				8069766D1EE5305000B4B92D /* AppDelegate.m in Sources */,
				802792C61EF901BA004C242F /* XQTableViewController.m in Sources */,
				804839141F021112002EE19E /* XQLuaViewController.m in Sources */,
				8069766A1EE5305000B4B92D /* main.m in Sources */,
				804839191F021112002EE19E /* XQItemLuaView.m in Sources */,
				804839181F021112002EE19E /* XQImage.m in Sources */,
				804839161F021112002EE19E /* XQLuaViewCoreViewController.m in Sources */,
				8048391F1F021112002EE19E /* XQRegisterManager.m in Sources */,
			);
			runOnlyForDeploymentPostprocessing = 0;
		};
		8069767A1EE5305000B4B92D /* Sources */ = {
			isa = PBXSourcesBuildPhase;
			buildActionMask = 2147483647;
			files = (
				806976831EE5305000B4B92D /* XQLuaViewDemoTests.m in Sources */,
			);
			runOnlyForDeploymentPostprocessing = 0;
		};
		806976851EE5305000B4B92D /* Sources */ = {
			isa = PBXSourcesBuildPhase;
			buildActionMask = 2147483647;
			files = (
				8069768E1EE5305000B4B92D /* XQLuaViewDemoUITests.m in Sources */,
			);
			runOnlyForDeploymentPostprocessing = 0;
		};
/* End PBXSourcesBuildPhase section */

/* Begin PBXTargetDependency section */
		806976801EE5305000B4B92D /* PBXTargetDependency */ = {
			isa = PBXTargetDependency;
			target = 806976641EE5305000B4B92D /* XQLuaViewDemo */;
			targetProxy = 8069767F1EE5305000B4B92D /* PBXContainerItemProxy */;
		};
		8069768B1EE5305000B4B92D /* PBXTargetDependency */ = {
			isa = PBXTargetDependency;
			target = 806976641EE5305000B4B92D /* XQLuaViewDemo */;
			targetProxy = 8069768A1EE5305000B4B92D /* PBXContainerItemProxy */;
		};
/* End PBXTargetDependency section */

/* Begin PBXVariantGroup section */
		806976711EE5305000B4B92D /* Main.storyboard */ = {
			isa = PBXVariantGroup;
			children = (
				806976721EE5305000B4B92D /* Base */,
			);
			name = Main.storyboard;
			sourceTree = "<group>";
		};
		806976761EE5305000B4B92D /* LaunchScreen.storyboard */ = {
			isa = PBXVariantGroup;
			children = (
				806976771EE5305000B4B92D /* Base */,
			);
			name = LaunchScreen.storyboard;
			sourceTree = "<group>";
		};
/* End PBXVariantGroup section */

/* Begin XCBuildConfiguration section */
		806976901EE5305000B4B92D /* Debug */ = {
			isa = XCBuildConfiguration;
			buildSettings = {
				ALWAYS_SEARCH_USER_PATHS = NO;
				CLANG_ANALYZER_NONNULL = YES;
				CLANG_CXX_LANGUAGE_STANDARD = "gnu++0x";
				CLANG_CXX_LIBRARY = "libc++";
				CLANG_ENABLE_MODULES = YES;
				CLANG_ENABLE_OBJC_ARC = YES;
				CLANG_WARN_BOOL_CONVERSION = YES;
				CLANG_WARN_CONSTANT_CONVERSION = YES;
				CLANG_WARN_DIRECT_OBJC_ISA_USAGE = YES_ERROR;
				CLANG_WARN_DOCUMENTATION_COMMENTS = YES;
				CLANG_WARN_EMPTY_BODY = YES;
				CLANG_WARN_ENUM_CONVERSION = YES;
				CLANG_WARN_INFINITE_RECURSION = YES;
				CLANG_WARN_INT_CONVERSION = YES;
				CLANG_WARN_OBJC_ROOT_CLASS = YES_ERROR;
				CLANG_WARN_SUSPICIOUS_MOVE = YES;
				CLANG_WARN_UNREACHABLE_CODE = YES;
				CLANG_WARN__DUPLICATE_METHOD_MATCH = YES;
				CODE_SIGN_IDENTITY = "iPhone Developer";
				"CODE_SIGN_IDENTITY[sdk=iphoneos*]" = "iPhone Developer";
				COPY_PHASE_STRIP = NO;
				DEBUG_INFORMATION_FORMAT = dwarf;
				ENABLE_STRICT_OBJC_MSGSEND = YES;
				ENABLE_TESTABILITY = YES;
				GCC_C_LANGUAGE_STANDARD = gnu99;
				GCC_DYNAMIC_NO_PIC = NO;
				GCC_NO_COMMON_BLOCKS = YES;
				GCC_OPTIMIZATION_LEVEL = 0;
				GCC_PREPROCESSOR_DEFINITIONS = (
					"DEBUG=1",
					"$(inherited)",
				);
				GCC_WARN_64_TO_32_BIT_CONVERSION = YES;
				GCC_WARN_ABOUT_RETURN_TYPE = YES_ERROR;
				GCC_WARN_UNDECLARED_SELECTOR = YES;
				GCC_WARN_UNINITIALIZED_AUTOS = YES_AGGRESSIVE;
				GCC_WARN_UNUSED_FUNCTION = YES;
				GCC_WARN_UNUSED_VARIABLE = YES;
				IPHONEOS_DEPLOYMENT_TARGET = 10.2;
				MTL_ENABLE_DEBUG_INFO = YES;
				ONLY_ACTIVE_ARCH = YES;
				SDKROOT = iphoneos;
			};
			name = Debug;
		};
		806976911EE5305000B4B92D /* Release */ = {
			isa = XCBuildConfiguration;
			buildSettings = {
				ALWAYS_SEARCH_USER_PATHS = NO;
				CLANG_ANALYZER_NONNULL = YES;
				CLANG_CXX_LANGUAGE_STANDARD = "gnu++0x";
				CLANG_CXX_LIBRARY = "libc++";
				CLANG_ENABLE_MODULES = YES;
				CLANG_ENABLE_OBJC_ARC = YES;
				CLANG_WARN_BOOL_CONVERSION = YES;
				CLANG_WARN_CONSTANT_CONVERSION = YES;
				CLANG_WARN_DIRECT_OBJC_ISA_USAGE = YES_ERROR;
				CLANG_WARN_DOCUMENTATION_COMMENTS = YES;
				CLANG_WARN_EMPTY_BODY = YES;
				CLANG_WARN_ENUM_CONVERSION = YES;
				CLANG_WARN_INFINITE_RECURSION = YES;
				CLANG_WARN_INT_CONVERSION = YES;
				CLANG_WARN_OBJC_ROOT_CLASS = YES_ERROR;
				CLANG_WARN_SUSPICIOUS_MOVE = YES;
				CLANG_WARN_UNREACHABLE_CODE = YES;
				CLANG_WARN__DUPLICATE_METHOD_MATCH = YES;
				CODE_SIGN_IDENTITY = "iPhone Developer";
				"CODE_SIGN_IDENTITY[sdk=iphoneos*]" = "iPhone Developer";
				COPY_PHASE_STRIP = NO;
				DEBUG_INFORMATION_FORMAT = "dwarf-with-dsym";
				ENABLE_NS_ASSERTIONS = NO;
				ENABLE_STRICT_OBJC_MSGSEND = YES;
				GCC_C_LANGUAGE_STANDARD = gnu99;
				GCC_NO_COMMON_BLOCKS = YES;
				GCC_WARN_64_TO_32_BIT_CONVERSION = YES;
				GCC_WARN_ABOUT_RETURN_TYPE = YES_ERROR;
				GCC_WARN_UNDECLARED_SELECTOR = YES;
				GCC_WARN_UNINITIALIZED_AUTOS = YES_AGGRESSIVE;
				GCC_WARN_UNUSED_FUNCTION = YES;
				GCC_WARN_UNUSED_VARIABLE = YES;
				IPHONEOS_DEPLOYMENT_TARGET = 10.2;
				MTL_ENABLE_DEBUG_INFO = NO;
				SDKROOT = iphoneos;
				VALIDATE_PRODUCT = YES;
			};
			name = Release;
		};
		806976931EE5305000B4B92D /* Debug */ = {
			isa = XCBuildConfiguration;
			baseConfigurationReference = E631EADE457BC60F1BA3DCC5 /* Pods-XQLuaViewDemo.debug.xcconfig */;
			buildSettings = {
				ASSETCATALOG_COMPILER_APPICON_NAME = AppIcon;
				CODE_SIGN_IDENTITY = "iPhone Developer";
				"CODE_SIGN_IDENTITY[sdk=iphoneos*]" = "iPhone Developer";
				DEVELOPMENT_TEAM = "";
				INFOPLIST_FILE = XQLuaViewDemo/Info.plist;
				IPHONEOS_DEPLOYMENT_TARGET = 8.0;
				LD_RUNPATH_SEARCH_PATHS = "$(inherited) @executable_path/Frameworks";
				PRODUCT_BUNDLE_IDENTIFIER = "com.xq.-XQLuaView";
				PRODUCT_NAME = "$(TARGET_NAME)";
				PROVISIONING_PROFILE = "";
				PROVISIONING_PROFILE_SPECIFIER = "";
			};
			name = Debug;
		};
		806976941EE5305000B4B92D /* Release */ = {
			isa = XCBuildConfiguration;
			baseConfigurationReference = DDE87B335966C4712ACCB73C /* Pods-XQLuaViewDemo.release.xcconfig */;
			buildSettings = {
				ASSETCATALOG_COMPILER_APPICON_NAME = AppIcon;
				CODE_SIGN_IDENTITY = "iPhone Developer";
				"CODE_SIGN_IDENTITY[sdk=iphoneos*]" = "iPhone Developer";
				DEVELOPMENT_TEAM = "";
				INFOPLIST_FILE = XQLuaViewDemo/Info.plist;
				IPHONEOS_DEPLOYMENT_TARGET = 8.0;
				LD_RUNPATH_SEARCH_PATHS = "$(inherited) @executable_path/Frameworks";
				PRODUCT_BUNDLE_IDENTIFIER = "com.xq.-XQLuaView";
				PRODUCT_NAME = "$(TARGET_NAME)";
				PROVISIONING_PROFILE = "";
				PROVISIONING_PROFILE_SPECIFIER = "";
			};
			name = Release;
		};
		806976961EE5305000B4B92D /* Debug */ = {
			isa = XCBuildConfiguration;
			baseConfigurationReference = E20337E4D4DAEF8D36917DB5 /* Pods-XQLuaViewDemoTests.debug.xcconfig */;
			buildSettings = {
				BUNDLE_LOADER = "$(TEST_HOST)";
				DEVELOPMENT_TEAM = 89G2FJWHP7;
				INFOPLIST_FILE = XQLuaViewDemoTests/Info.plist;
				LD_RUNPATH_SEARCH_PATHS = "$(inherited) @executable_path/Frameworks @loader_path/Frameworks";
				PRODUCT_BUNDLE_IDENTIFIER = com.XQLuaViewDemoTests;
				PRODUCT_NAME = "$(TARGET_NAME)";
				TEST_HOST = "$(BUILT_PRODUCTS_DIR)/XQLuaViewDemo.app/XQLuaViewDemo";
			};
			name = Debug;
		};
		806976971EE5305000B4B92D /* Release */ = {
			isa = XCBuildConfiguration;
			baseConfigurationReference = F7B99D5F5399AB6DEA75CDE3 /* Pods-XQLuaViewDemoTests.release.xcconfig */;
			buildSettings = {
				BUNDLE_LOADER = "$(TEST_HOST)";
				DEVELOPMENT_TEAM = 89G2FJWHP7;
				INFOPLIST_FILE = XQLuaViewDemoTests/Info.plist;
				LD_RUNPATH_SEARCH_PATHS = "$(inherited) @executable_path/Frameworks @loader_path/Frameworks";
				PRODUCT_BUNDLE_IDENTIFIER = com.XQLuaViewDemoTests;
				PRODUCT_NAME = "$(TARGET_NAME)";
				TEST_HOST = "$(BUILT_PRODUCTS_DIR)/XQLuaViewDemo.app/XQLuaViewDemo";
			};
			name = Release;
		};
		806976991EE5305000B4B92D /* Debug */ = {
			isa = XCBuildConfiguration;
			baseConfigurationReference = 7486DDA8329419B5BE31F295 /* Pods-XQLuaViewDemoUITests.debug.xcconfig */;
			buildSettings = {
				DEVELOPMENT_TEAM = 89G2FJWHP7;
				INFOPLIST_FILE = XQLuaViewDemoUITests/Info.plist;
				LD_RUNPATH_SEARCH_PATHS = "$(inherited) @executable_path/Frameworks @loader_path/Frameworks";
				PRODUCT_BUNDLE_IDENTIFIER = com.XQLuaViewDemoUITests;
				PRODUCT_NAME = "$(TARGET_NAME)";
				TEST_TARGET_NAME = XQLuaViewDemo;
			};
			name = Debug;
		};
		8069769A1EE5305000B4B92D /* Release */ = {
			isa = XCBuildConfiguration;
			baseConfigurationReference = 463129618D05206EE567C356 /* Pods-XQLuaViewDemoUITests.release.xcconfig */;
			buildSettings = {
				DEVELOPMENT_TEAM = 89G2FJWHP7;
				INFOPLIST_FILE = XQLuaViewDemoUITests/Info.plist;
				LD_RUNPATH_SEARCH_PATHS = "$(inherited) @executable_path/Frameworks @loader_path/Frameworks";
				PRODUCT_BUNDLE_IDENTIFIER = com.XQLuaViewDemoUITests;
				PRODUCT_NAME = "$(TARGET_NAME)";
				TEST_TARGET_NAME = XQLuaViewDemo;
			};
			name = Release;
		};
/* End XCBuildConfiguration section */

/* Begin XCConfigurationList section */
		806976601EE5305000B4B92D /* Build configuration list for PBXProject "XQLuaViewDemo" */ = {
			isa = XCConfigurationList;
			buildConfigurations = (
				806976901EE5305000B4B92D /* Debug */,
				806976911EE5305000B4B92D /* Release */,
			);
			defaultConfigurationIsVisible = 0;
			defaultConfigurationName = Release;
		};
		806976921EE5305000B4B92D /* Build configuration list for PBXNativeTarget "XQLuaViewDemo" */ = {
			isa = XCConfigurationList;
			buildConfigurations = (
				806976931EE5305000B4B92D /* Debug */,
				806976941EE5305000B4B92D /* Release */,
			);
			defaultConfigurationIsVisible = 0;
			defaultConfigurationName = Release;
		};
		806976951EE5305000B4B92D /* Build configuration list for PBXNativeTarget "XQLuaViewDemoTests" */ = {
			isa = XCConfigurationList;
			buildConfigurations = (
				806976961EE5305000B4B92D /* Debug */,
				806976971EE5305000B4B92D /* Release */,
			);
			defaultConfigurationIsVisible = 0;
			defaultConfigurationName = Release;
		};
		806976981EE5305000B4B92D /* Build configuration list for PBXNativeTarget "XQLuaViewDemoUITests" */ = {
			isa = XCConfigurationList;
			buildConfigurations = (
				806976991EE5305000B4B92D /* Debug */,
				8069769A1EE5305000B4B92D /* Release */,
			);
			defaultConfigurationIsVisible = 0;
			defaultConfigurationName = Release;
		};
/* End XCConfigurationList section */
	};
	rootObject = 8069765D1EE5305000B4B92D /* Project object */;
}
